
Microsoft Visual Studio Solution File, Format Version 12.00
# Visual Studio Version 17
VisualStudioVersion = 17.14.36623.8 d17.14
MinimumVisualStudioVersion = 10.0.40219.1
Project("{FAE04EC0-301F-11D3-BF4B-00C04F79EFBC}") = "EmployeeManager.Backend", "EmployeeManager.Backend\EmployeeManager.Backend.csproj", "{70373723-AF98-4212-BEB5-92B14240D813}"
EndProject
Project("{FAE04EC0-301F-11D3-BF4B-00C04F79EFBC}") = "Employee.MvcClient", "Employee.MvcClient\Employee.MvcClient.csproj", "{0FA00846-E904-420A-BEBD-53BB0DCF4E8E}"
EndProject
Global
	GlobalSection(SolutionConfigurationPlatforms) = preSolution
		Debug|Any CPU = Debug|Any CPU
		Release|Any CPU = Release|Any CPU
	EndGlobalSection
	GlobalSection(ProjectConfigurationPlatforms) = postSolution
		{70373723-AF98-4212-BEB5-92B14240D813}.Debug|Any CPU.ActiveCfg = Debug|Any CPU
		{70373723-AF98-4212-BEB5-92B14240D813}.Debug|Any CPU.Build.0 = Debug|Any CPU
		{70373723-AF98-4212-BEB5-92B14240D813}.Release|Any CPU.ActiveCfg = Release|Any CPU
		{70373723-AF98-4212-BEB5-92B14240D813}.Release|Any CPU.Build.0 = Release|Any CPU
		{0FA00846-E904-420A-BEBD-53BB0DCF4E8E}.Debug|Any CPU.ActiveCfg = Debug|Any CPU
		{0FA00846-E904-420A-BEBD-53BB0DCF4E8E}.Debug|Any CPU.Build.0 = Debug|Any CPU
		{0FA00846-E904-420A-BEBD-53BB0DCF4E8E}.Release|Any CPU.ActiveCfg = Release|Any CPU
		{0FA00846-E904-420A-BEBD-53BB0DCF4E8E}.Release|Any CPU.Build.0 = Release|Any CPU
	EndGlobalSection
	GlobalSection(SolutionProperties) = preSolution
		HideSolutionNode = FALSE
	EndGlobalSection
	GlobalSection(ExtensibilityGlobals) = postSolution
		SolutionGuid = {1CB63F5F-E927-47C4-9C7C-ADAF8971D9B2}
	EndGlobalSection
EndGlobal
